<?xml version="1.0" encoding="utf-8"?>
<Project ToolsVersion="17.0" xmlns="http://schemas.microsoft.com/developer/msbuild/2003">
  <ItemGroup>
    <ClCompile Include="C:\Users\janpa\Documents\GitHub\StrategyGame\main.cpp">
      <Filter>Source Files</Filter>
    </ClCompile>
    <ClCompile Include="C:\Users\janpa\Documents\GitHub\StrategyGame\Game.cpp">
      <Filter>Source Files</Filter>
    </ClCompile>
    <ClCompile Include="C:\Users\janpa\Documents\GitHub\StrategyGame\States\States.cpp">
      <Filter>Source Files</Filter>
    </ClCompile>
    <ClCompile Include="C:\Users\janpa\Documents\GitHub\StrategyGame\States\TestState.cpp">
      <Filter>Source Files</Filter>
    </ClCompile>
    <ClCompile Include="C:\Users\janpa\Documents\GitHub\StrategyGame\Map\MapGenerator.cpp">
      <Filter>Source Files</Filter>
    </ClCompile>
    <ClCompile Include="C:\Users\janpa\Documents\GitHub\StrategyGame\UI\InputController.cpp">
      <Filter>Source Files</Filter>
    </ClCompile>
    <ClCompile Include="C:\Users\janpa\Documents\GitHub\StrategyGame\UI\Label.cpp">
      <Filter>Source Files</Filter>
    </ClCompile>
    <ClCompile Include="C:\Users\janpa\Documents\GitHub\StrategyGame\UI\Button.cpp">
      <Filter>Source Files</Filter>
    </ClCompile>
    <ClCompile Include="C:\Users\janpa\Documents\GitHub\StrategyGame\UI\GameInterface.cpp">
      <Filter>Source Files</Filter>
    </ClCompile>
    <ClCompile Include="C:\Users\janpa\Documents\GitHub\StrategyGame\Map\NameGenerator.cpp">
      <Filter>Source Files</Filter>
    </ClCompile>
    <ClCompile Include="C:\Users\janpa\Documents\GitHub\StrategyGame\UI\SidePanel.cpp">
      <Filter>Source Files</Filter>
    </ClCompile>
    <ClCompile Include="C:\Users\janpa\Documents\GitHub\StrategyGame\States\MenuState.cpp">
      <Filter>Source Files</Filter>
    </ClCompile>
    <ClCompile Include="C:\Users\janpa\Documents\GitHub\StrategyGame\Empires\PopManager.cpp">
      <Filter>Source Files</Filter>
    </ClCompile>
    <ClCompile Include="C:\Users\janpa\Documents\GitHub\StrategyGame\Empires\Empire.cpp">
      <Filter>Source Files</Filter>
    </ClCompile>
    <ClCompile Include="C:\Users\janpa\Documents\GitHub\StrategyGame\GameManager.cpp">
      <Filter>Source Files</Filter>
    </ClCompile>
    <ClCompile Include="C:\Users\janpa\Documents\GitHub\StrategyGame\Empires\PoliticalSetup.cpp">
      <Filter>Source Files</Filter>
    </ClCompile>
    <ClCompile Include="C:\Users\janpa\Documents\GitHub\StrategyGame\Map\VoronoiBuilder.cpp">
      <Filter>Source Files</Filter>
    </ClCompile>
    <ClCompile Include="C:\Users\janpa\Documents\GitHub\StrategyGame\Map\ClimateEngine.cpp">
      <Filter>Source Files</Filter>
    </ClCompile>
    <ClCompile Include="C:\Users\janpa\Documents\GitHub\StrategyGame\PathFinder.cpp">
      <Filter>Source Files</Filter>
    </ClCompile>
    <ClCompile Include="C:\Users\janpa\Documents\GitHub\StrategyGame\UI\UnitPanel.cpp">
      <Filter>Source Files</Filter>
    </ClCompile>
    <ClCompile Include="C:\Users\janpa\Documents\GitHub\StrategyGame\Map\MapRenderer.cpp">
      <Filter>Source Files</Filter>
    </ClCompile>
  </ItemGroup>
  <ItemGroup>
    <ClInclude Include="C:\Users\janpa\Documents\GitHub\StrategyGame\UI\Button.hpp">
      <Filter>Header Files</Filter>
    </ClInclude>
    <ClInclude Include="C:\Users\janpa\Documents\GitHub\StrategyGame\States\MenuState.hpp">
      <Filter>Header Files</Filter>
    </ClInclude>
    <ClInclude Include="C:\Users\janpa\Documents\GitHub\StrategyGame\Empires\Pop.hpp">
      <Filter>Header Files</Filter>
    </ClInclude>
    <ClInclude Include="C:\Users\janpa\Documents\GitHub\StrategyGame\Empires\PopManager.hpp">
      <Filter>Header Files</Filter>
    </ClInclude>
    <ClInclude Include="C:\Users\janpa\Documents\GitHub\StrategyGame\Empires\City.hpp">
      <Filter>Header Files</Filter>
    </ClInclude>
    <ClInclude Include="C:\Users\janpa\Documents\GitHub\StrategyGame\Empires\Empire.hpp">
      <Filter>Header Files</Filter>
    </ClInclude>
    <ClInclude Include="C:\Users\janpa\Documents\GitHub\StrategyGame\GameManager.hpp">
      <Filter>Header Files</Filter>
    </ClInclude>
    <ClInclude Include="C:\Users\janpa\Documents\GitHub\StrategyGame\Empires\PoliticalSetup.hpp">
      <Filter>Header Files</Filter>
    </ClInclude>
    <ClInclude Include="C:\Users\janpa\Documents\GitHub\StrategyGame\Map\VoronoiBuilder.hpp">
      <Filter>Header Files</Filter>
    </ClInclude>
    <ClInclude Include="C:\Users\janpa\Documents\GitHub\StrategyGame\Map\ClimateEngine.hpp">
      <Filter>Header Files</Filter>
    </ClInclude>
    <ClInclude Include="C:\Users\janpa\Documents\GitHub\StrategyGame\Map\NavigationGraph.hpp">
      <Filter>Header Files</Filter>
    </ClInclude>
    <ClInclude Include="C:\Users\janpa\Documents\GitHub\StrategyGame\Unit.hpp">
      <Filter>Header Files</Filter>
    </ClInclude>
    <ClInclude Include="C:\Users\janpa\Documents\GitHub\StrategyGame\PathFinder.hpp">
      <Filter>Header Files</Filter>
    </ClInclude>
    <ClInclude Include="C:\Users\janpa\Documents\GitHub\StrategyGame\UI\UnitPanel.hpp">
      <Filter>Header Files</Filter>
    </ClInclude>
    <ClInclude Include="C:\Users\janpa\Documents\GitHub\StrategyGame\Map\MapRenderer.hpp">
      <Filter>Header Files</Filter>
    </ClInclude>
  </ItemGroup>
  <ItemGroup>
    <CustomBuild Include="C:\Users\janpa\Documents\GitHub\StrategyGame\CMakeLists.txt" />
  </ItemGroup>
  <ItemGroup>
    <Filter Include="Header Files">
      <UniqueIdentifier>{A5EF43AD-76DB-3E9F-936E-D6B907D6D71A}</UniqueIdentifier>
    </Filter>
    <Filter Include="Source Files">
      <UniqueIdentifier>{10035204-1765-3A7D-8DE6-35515627444A}</UniqueIdentifier>
    </Filter>
  </ItemGroup>
</Project>
