
Microsoft Visual Studio Solution File, Format Version 12.00
# Visual Studio Version 17
Project("{2150E333-8FDC-42A3-9474-1A3956D46DE8}") = "CMake", "CMake", "{C131F8FA-370A-3D09-A976-238344ED6660}"
EndProject
Project("{2150E333-8FDC-42A3-9474-1A3956D46DE8}") = "Dependencies", "Dependencies", "{2FA9E3E5-C115-3A67-B870-06A2CB41D777}"
EndProject
Project("{2150E333-8FDC-42A3-9474-1A3956D46DE8}") = "SFML", "SFML", "{54A245DD-D533-3482-9F26-F4A032C29182}"
EndProject
Project("{8BC9CEB8-8B4A-11D0-8D11-00A0C91BC942}") = "ALL_BUILD", "ALL_BUILD.vcxproj", "{D8A701D0-3F87-3F18-92B2-31B5C2870821}"
	ProjectSection(ProjectDependencies) = postProject
		{9809F959-7852-34BB-B062-91F705597C98} = {9809F959-7852-34BB-B062-91F705597C98}
		{E143BF98-CEA2-3010-880F-61E76ED05181} = {E143BF98-CEA2-3010-880F-61E76ED05181}
	EndProjectSection
EndProject
Project("{8BC9CEB8-8B4A-11D0-8D11-00A0C91BC942}") = "INSTALL", "INSTALL.vcxproj", "{6BD5CE86-7017-3E49-AECA-9BF266DDD7B9}"
	ProjectSection(ProjectDependencies) = postProject
		{D8A701D0-3F87-3F18-92B2-31B5C2870821} = {D8A701D0-3F87-3F18-92B2-31B5C2870821}
		{9809F959-7852-34BB-B062-91F705597C98} = {9809F959-7852-34BB-B062-91F705597C98}
	EndProjectSection
EndProject
Project("{8BC9CEB8-8B4A-11D0-8D11-00A0C91BC942}") = "PACKAGE", "PACKAGE.vcxproj", "{577E6669-5D93-3A39-8BA9-1580E53E2D20}"
	ProjectSection(ProjectDependencies) = postProject
		{D8A701D0-3F87-3F18-92B2-31B5C2870821} = {D8A701D0-3F87-3F18-92B2-31B5C2870821}
		{9809F959-7852-34BB-B062-91F705597C98} = {9809F959-7852-34BB-B062-91F705597C98}
	EndProjectSection
EndProject
Project("{8BC9CEB8-8B4A-11D0-8D11-00A0C91BC942}") = "SheenBidi", "_deps\sheenbidi-build\SheenBidi.vcxproj", "{A5091F58-95FB-3872-A9AB-F0F564E2956E}"
	ProjectSection(ProjectDependencies) = postProject
		{9809F959-7852-34BB-B062-91F705597C98} = {9809F959-7852-34BB-B062-91F705597C98}
	EndProjectSection
EndProject
Project("{8BC9CEB8-8B4A-11D0-8D11-00A0C91BC942}") = "ZERO_CHECK", "ZERO_CHECK.vcxproj", "{9809F959-7852-34BB-B062-91F705597C98}"
	ProjectSection(ProjectDependencies) = postProject
	EndProjectSection
EndProject
Project("{8BC9CEB8-8B4A-11D0-8D11-00A0C91BC942}") = "freetype", "_deps\freetype-build\freetype.vcxproj", "{9234623B-65AE-353A-8666-98646FF3A223}"
	ProjectSection(ProjectDependencies) = postProject
		{9809F959-7852-34BB-B062-91F705597C98} = {9809F959-7852-34BB-B062-91F705597C98}
	EndProjectSection
EndProject
Project("{8BC9CEB8-8B4A-11D0-8D11-00A0C91BC942}") = "harfbuzz", "_deps\harfbuzz-build\harfbuzz.vcxproj", "{9AA10916-0C8A-38D6-AA32-96D1D888792D}"
	ProjectSection(ProjectDependencies) = postProject
		{9809F959-7852-34BB-B062-91F705597C98} = {9809F959-7852-34BB-B062-91F705597C98}
		{9234623B-65AE-353A-8666-98646FF3A223} = {9234623B-65AE-353A-8666-98646FF3A223}
	EndProjectSection
EndProject
Project("{8BC9CEB8-8B4A-11D0-8D11-00A0C91BC942}") = "sfml-graphics", "_deps\sfml-build\src\SFML\Graphics\sfml-graphics.vcxproj", "{D21BB15A-CA2B-3F13-B509-EE6F9C9EE920}"
	ProjectSection(ProjectDependencies) = postProject
		{A5091F58-95FB-3872-A9AB-F0F564E2956E} = {A5091F58-95FB-3872-A9AB-F0F564E2956E}
		{9809F959-7852-34BB-B062-91F705597C98} = {9809F959-7852-34BB-B062-91F705597C98}
		{9234623B-65AE-353A-8666-98646FF3A223} = {9234623B-65AE-353A-8666-98646FF3A223}
		{9AA10916-0C8A-38D6-AA32-96D1D888792D} = {9AA10916-0C8A-38D6-AA32-96D1D888792D}
		{04F83E59-6ECA-38AB-B39E-DE6BE5BDABEA} = {04F83E59-6ECA-38AB-B39E-DE6BE5BDABEA}
		{B81C1517-D17E-32AF-A153-08207FDB59D7} = {B81C1517-D17E-32AF-A153-08207FDB59D7}
	EndProjectSection
EndProject
Project("{8BC9CEB8-8B4A-11D0-8D11-00A0C91BC942}") = "sfml-system", "_deps\sfml-build\src\SFML\System\sfml-system.vcxproj", "{04F83E59-6ECA-38AB-B39E-DE6BE5BDABEA}"
	ProjectSection(ProjectDependencies) = postProject
		{9809F959-7852-34BB-B062-91F705597C98} = {9809F959-7852-34BB-B062-91F705597C98}
	EndProjectSection
EndProject
Project("{8BC9CEB8-8B4A-11D0-8D11-00A0C91BC942}") = "sfml-window", "_deps\sfml-build\src\SFML\Window\sfml-window.vcxproj", "{B81C1517-D17E-32AF-A153-08207FDB59D7}"
	ProjectSection(ProjectDependencies) = postProject
		{9809F959-7852-34BB-B062-91F705597C98} = {9809F959-7852-34BB-B062-91F705597C98}
		{04F83E59-6ECA-38AB-B39E-DE6BE5BDABEA} = {04F83E59-6ECA-38AB-B39E-DE6BE5BDABEA}
	EndProjectSection
EndProject
Project("{8BC9CEB8-8B4A-11D0-8D11-00A0C91BC942}") = "strategia", "strategia.vcxproj", "{E143BF98-CEA2-3010-880F-61E76ED05181}"
	ProjectSection(ProjectDependencies) = postProject
		{9809F959-7852-34BB-B062-91F705597C98} = {9809F959-7852-34BB-B062-91F705597C98}
		{9234623B-65AE-353A-8666-98646FF3A223} = {9234623B-65AE-353A-8666-98646FF3A223}
		{9AA10916-0C8A-38D6-AA32-96D1D888792D} = {9AA10916-0C8A-38D6-AA32-96D1D888792D}
		{D21BB15A-CA2B-3F13-B509-EE6F9C9EE920} = {D21BB15A-CA2B-3F13-B509-EE6F9C9EE920}
		{04F83E59-6ECA-38AB-B39E-DE6BE5BDABEA} = {04F83E59-6ECA-38AB-B39E-DE6BE5BDABEA}
		{B81C1517-D17E-32AF-A153-08207FDB59D7} = {B81C1517-D17E-32AF-A153-08207FDB59D7}
	EndProjectSection
EndProject
Global
	GlobalSection(SolutionConfigurationPlatforms) = preSolution
		Debug|x64 = Debug|x64
		Release|x64 = Release|x64
		MinSizeRel|x64 = MinSizeRel|x64
		RelWithDebInfo|x64 = RelWithDebInfo|x64
	EndGlobalSection
	GlobalSection(ProjectConfigurationPlatforms) = postSolution
		{D8A701D0-3F87-3F18-92B2-31B5C2870821}.Debug|x64.ActiveCfg = Debug|x64
		{D8A701D0-3F87-3F18-92B2-31B5C2870821}.Debug|x64.Build.0 = Debug|x64
		{D8A701D0-3F87-3F18-92B2-31B5C2870821}.Release|x64.ActiveCfg = Release|x64
		{D8A701D0-3F87-3F18-92B2-31B5C2870821}.Release|x64.Build.0 = Release|x64
		{D8A701D0-3F87-3F18-92B2-31B5C2870821}.MinSizeRel|x64.ActiveCfg = MinSizeRel|x64
		{D8A701D0-3F87-3F18-92B2-31B5C2870821}.MinSizeRel|x64.Build.0 = MinSizeRel|x64
		{D8A701D0-3F87-3F18-92B2-31B5C2870821}.RelWithDebInfo|x64.ActiveCfg = RelWithDebInfo|x64
		{D8A701D0-3F87-3F18-92B2-31B5C2870821}.RelWithDebInfo|x64.Build.0 = RelWithDebInfo|x64
		{6BD5CE86-7017-3E49-AECA-9BF266DDD7B9}.Debug|x64.ActiveCfg = Debug|x64
		{6BD5CE86-7017-3E49-AECA-9BF266DDD7B9}.Release|x64.ActiveCfg = Release|x64
		{6BD5CE86-7017-3E49-AECA-9BF266DDD7B9}.MinSizeRel|x64.ActiveCfg = MinSizeRel|x64
		{6BD5CE86-7017-3E49-AECA-9BF266DDD7B9}.RelWithDebInfo|x64.ActiveCfg = RelWithDebInfo|x64
		{577E6669-5D93-3A39-8BA9-1580E53E2D20}.Debug|x64.ActiveCfg = Debug|x64
		{577E6669-5D93-3A39-8BA9-1580E53E2D20}.Release|x64.ActiveCfg = Release|x64
		{577E6669-5D93-3A39-8BA9-1580E53E2D20}.MinSizeRel|x64.ActiveCfg = MinSizeRel|x64
		{577E6669-5D93-3A39-8BA9-1580E53E2D20}.RelWithDebInfo|x64.ActiveCfg = RelWithDebInfo|x64
		{A5091F58-95FB-3872-A9AB-F0F564E2956E}.Debug|x64.ActiveCfg = Debug|x64
		{A5091F58-95FB-3872-A9AB-F0F564E2956E}.Debug|x64.Build.0 = Debug|x64
		{A5091F58-95FB-3872-A9AB-F0F564E2956E}.Release|x64.ActiveCfg = Release|x64
		{A5091F58-95FB-3872-A9AB-F0F564E2956E}.Release|x64.Build.0 = Release|x64
		{A5091F58-95FB-3872-A9AB-F0F564E2956E}.MinSizeRel|x64.ActiveCfg = MinSizeRel|x64
		{A5091F58-95FB-3872-A9AB-F0F564E2956E}.MinSizeRel|x64.Build.0 = MinSizeRel|x64
		{A5091F58-95FB-3872-A9AB-F0F564E2956E}.RelWithDebInfo|x64.ActiveCfg = RelWithDebInfo|x64
		{A5091F58-95FB-3872-A9AB-F0F564E2956E}.RelWithDebInfo|x64.Build.0 = RelWithDebInfo|x64
		{9809F959-7852-34BB-B062-91F705597C98}.Debug|x64.ActiveCfg = Debug|x64
		{9809F959-7852-34BB-B062-91F705597C98}.Debug|x64.Build.0 = Debug|x64
		{9809F959-7852-34BB-B062-91F705597C98}.Release|x64.ActiveCfg = Release|x64
		{9809F959-7852-34BB-B062-91F705597C98}.Release|x64.Build.0 = Release|x64
		{9809F959-7852-34BB-B062-91F705597C98}.MinSizeRel|x64.ActiveCfg = MinSizeRel|x64
		{9809F959-7852-34BB-B062-91F705597C98}.MinSizeRel|x64.Build.0 = MinSizeRel|x64
		{9809F959-7852-34BB-B062-91F705597C98}.RelWithDebInfo|x64.ActiveCfg = RelWithDebInfo|x64
		{9809F959-7852-34BB-B062-91F705597C98}.RelWithDebInfo|x64.Build.0 = RelWithDebInfo|x64
		{9234623B-65AE-353A-8666-98646FF3A223}.Debug|x64.ActiveCfg = Debug|x64
		{9234623B-65AE-353A-8666-98646FF3A223}.Debug|x64.Build.0 = Debug|x64
		{9234623B-65AE-353A-8666-98646FF3A223}.Release|x64.ActiveCfg = Release|x64
		{9234623B-65AE-353A-8666-98646FF3A223}.Release|x64.Build.0 = Release|x64
		{9234623B-65AE-353A-8666-98646FF3A223}.MinSizeRel|x64.ActiveCfg = MinSizeRel|x64
		{9234623B-65AE-353A-8666-98646FF3A223}.MinSizeRel|x64.Build.0 = MinSizeRel|x64
		{9234623B-65AE-353A-8666-98646FF3A223}.RelWithDebInfo|x64.ActiveCfg = RelWithDebInfo|x64
		{9234623B-65AE-353A-8666-98646FF3A223}.RelWithDebInfo|x64.Build.0 = RelWithDebInfo|x64
		{9AA10916-0C8A-38D6-AA32-96D1D888792D}.Debug|x64.ActiveCfg = Debug|x64
		{9AA10916-0C8A-38D6-AA32-96D1D888792D}.Debug|x64.Build.0 = Debug|x64
		{9AA10916-0C8A-38D6-AA32-96D1D888792D}.Release|x64.ActiveCfg = Release|x64
		{9AA10916-0C8A-38D6-AA32-96D1D888792D}.Release|x64.Build.0 = Release|x64
		{9AA10916-0C8A-38D6-AA32-96D1D888792D}.MinSizeRel|x64.ActiveCfg = MinSizeRel|x64
		{9AA10916-0C8A-38D6-AA32-96D1D888792D}.MinSizeRel|x64.Build.0 = MinSizeRel|x64
		{9AA10916-0C8A-38D6-AA32-96D1D888792D}.RelWithDebInfo|x64.ActiveCfg = RelWithDebInfo|x64
		{9AA10916-0C8A-38D6-AA32-96D1D888792D}.RelWithDebInfo|x64.Build.0 = RelWithDebInfo|x64
		{D21BB15A-CA2B-3F13-B509-EE6F9C9EE920}.Debug|x64.ActiveCfg = Debug|x64
		{D21BB15A-CA2B-3F13-B509-EE6F9C9EE920}.Debug|x64.Build.0 = Debug|x64
		{D21BB15A-CA2B-3F13-B509-EE6F9C9EE920}.Release|x64.ActiveCfg = Release|x64
		{D21BB15A-CA2B-3F13-B509-EE6F9C9EE920}.Release|x64.Build.0 = Release|x64
		{D21BB15A-CA2B-3F13-B509-EE6F9C9EE920}.MinSizeRel|x64.ActiveCfg = MinSizeRel|x64
		{D21BB15A-CA2B-3F13-B509-EE6F9C9EE920}.MinSizeRel|x64.Build.0 = MinSizeRel|x64
		{D21BB15A-CA2B-3F13-B509-EE6F9C9EE920}.RelWithDebInfo|x64.ActiveCfg = RelWithDebInfo|x64
		{D21BB15A-CA2B-3F13-B509-EE6F9C9EE920}.RelWithDebInfo|x64.Build.0 = RelWithDebInfo|x64
		{04F83E59-6ECA-38AB-B39E-DE6BE5BDABEA}.Debug|x64.ActiveCfg = Debug|x64
		{04F83E59-6ECA-38AB-B39E-DE6BE5BDABEA}.Debug|x64.Build.0 = Debug|x64
		{04F83E59-6ECA-38AB-B39E-DE6BE5BDABEA}.Release|x64.ActiveCfg = Release|x64
		{04F83E59-6ECA-38AB-B39E-DE6BE5BDABEA}.Release|x64.Build.0 = Release|x64
		{04F83E59-6ECA-38AB-B39E-DE6BE5BDABEA}.MinSizeRel|x64.ActiveCfg = MinSizeRel|x64
		{04F83E59-6ECA-38AB-B39E-DE6BE5BDABEA}.MinSizeRel|x64.Build.0 = MinSizeRel|x64
		{04F83E59-6ECA-38AB-B39E-DE6BE5BDABEA}.RelWithDebInfo|x64.ActiveCfg = RelWithDebInfo|x64
		{04F83E59-6ECA-38AB-B39E-DE6BE5BDABEA}.RelWithDebInfo|x64.Build.0 = RelWithDebInfo|x64
		{B81C1517-D17E-32AF-A153-08207FDB59D7}.Debug|x64.ActiveCfg = Debug|x64
		{B81C1517-D17E-32AF-A153-08207FDB59D7}.Debug|x64.Build.0 = Debug|x64
		{B81C1517-D17E-32AF-A153-08207FDB59D7}.Release|x64.ActiveCfg = Release|x64
		{B81C1517-D17E-32AF-A153-08207FDB59D7}.Release|x64.Build.0 = Release|x64
		{B81C1517-D17E-32AF-A153-08207FDB59D7}.MinSizeRel|x64.ActiveCfg = MinSizeRel|x64
		{B81C1517-D17E-32AF-A153-08207FDB59D7}.MinSizeRel|x64.Build.0 = MinSizeRel|x64
		{B81C1517-D17E-32AF-A153-08207FDB59D7}.RelWithDebInfo|x64.ActiveCfg = RelWithDebInfo|x64
		{B81C1517-D17E-32AF-A153-08207FDB59D7}.RelWithDebInfo|x64.Build.0 = RelWithDebInfo|x64
		{E143BF98-CEA2-3010-880F-61E76ED05181}.Debug|x64.ActiveCfg = Debug|x64
		{E143BF98-CEA2-3010-880F-61E76ED05181}.Debug|x64.Build.0 = Debug|x64
		{E143BF98-CEA2-3010-880F-61E76ED05181}.Release|x64.ActiveCfg = Release|x64
		{E143BF98-CEA2-3010-880F-61E76ED05181}.Release|x64.Build.0 = Release|x64
		{E143BF98-CEA2-3010-880F-61E76ED05181}.MinSizeRel|x64.ActiveCfg = MinSizeRel|x64
		{E143BF98-CEA2-3010-880F-61E76ED05181}.MinSizeRel|x64.Build.0 = MinSizeRel|x64
		{E143BF98-CEA2-3010-880F-61E76ED05181}.RelWithDebInfo|x64.ActiveCfg = RelWithDebInfo|x64
		{E143BF98-CEA2-3010-880F-61E76ED05181}.RelWithDebInfo|x64.Build.0 = RelWithDebInfo|x64
	EndGlobalSection
	GlobalSection(NestedProjects) = preSolution
		{D8A701D0-3F87-3F18-92B2-31B5C2870821} = {C131F8FA-370A-3D09-A976-238344ED6660}
		{6BD5CE86-7017-3E49-AECA-9BF266DDD7B9} = {C131F8FA-370A-3D09-A976-238344ED6660}
		{577E6669-5D93-3A39-8BA9-1580E53E2D20} = {C131F8FA-370A-3D09-A976-238344ED6660}
		{9809F959-7852-34BB-B062-91F705597C98} = {C131F8FA-370A-3D09-A976-238344ED6660}
		{A5091F58-95FB-3872-A9AB-F0F564E2956E} = {2FA9E3E5-C115-3A67-B870-06A2CB41D777}
		{9234623B-65AE-353A-8666-98646FF3A223} = {2FA9E3E5-C115-3A67-B870-06A2CB41D777}
		{9AA10916-0C8A-38D6-AA32-96D1D888792D} = {2FA9E3E5-C115-3A67-B870-06A2CB41D777}
		{D21BB15A-CA2B-3F13-B509-EE6F9C9EE920} = {54A245DD-D533-3482-9F26-F4A032C29182}
		{04F83E59-6ECA-38AB-B39E-DE6BE5BDABEA} = {54A245DD-D533-3482-9F26-F4A032C29182}
		{B81C1517-D17E-32AF-A153-08207FDB59D7} = {54A245DD-D533-3482-9F26-F4A032C29182}
	EndGlobalSection
	GlobalSection(ExtensibilityGlobals) = postSolution
		SolutionGuid = {B1C61EF7-26A1-30E5-8A57-164FA0ADF554}
	EndGlobalSection
	GlobalSection(ExtensibilityAddIns) = postSolution
	EndGlobalSection
EndGlobal
