<?xml version="1.0" encoding="utf-8"?>
<Project ToolsVersion="17.0" xmlns="http://schemas.microsoft.com/developer/msbuild/2003">
  <ItemGroup>
    <CustomBuild Include="C:\Users\janpa\Documents\GitHub\StrategyGame\build-release\CMakeFiles\6cdfa6a77056fbabe9bf41a1f3baa4ad\generate.stamp.rule">
      <Filter>CMake Rules</Filter>
    </CustomBuild>
  </ItemGroup>
  <ItemGroup>
    <Filter Include="CMake Rules">
      <UniqueIdentifier>{2CD91541-A8A7-3528-AFF1-B78EF4936531}</UniqueIdentifier>
    </Filter>
  </ItemGroup>
</Project>
